
Microsoft Visual Studio Solution File, Format Version 12.00
# Visual Studio 15
VisualStudioVersion = 15.0.27428.2037
MinimumVisualStudioVersion = 10.0.40219.1
Project("{FAE04EC0-301F-11D3-BF4B-00C04F79EFBC}") = "MVCClient", "MVCClient\MVCClient.csproj", "{14F11203-ED92-470A-B8BF-1D396D880CA1}"
EndProject
Project("{FAE04EC0-301F-11D3-BF4B-00C04F79EFBC}") = "ClienteMVC.ApiService", "ClienteMVC.ApiService\ClienteMVC.ApiService.csproj", "{1783C434-BBA6-4C63-BDCA-F3C707BE4E3F}"
EndProject
Project("{FAE04EC0-301F-11D3-BF4B-00C04F79EFBC}") = "ClienteMVC.IoCConfig", "ClienteMVC.IoCConfig\ClienteMVC.IoCConfig.csproj", "{667DFBF4-D239-44E9-B60B-CF03F777478C}"
EndProject
Global
	GlobalSection(SolutionConfigurationPlatforms) = preSolution
		Debug|Any CPU = Debug|Any CPU
		Release|Any CPU = Release|Any CPU
	EndGlobalSection
	GlobalSection(ProjectConfigurationPlatforms) = postSolution
		{14F11203-ED92-470A-B8BF-1D396D880CA1}.Debug|Any CPU.ActiveCfg = Debug|Any CPU
		{14F11203-ED92-470A-B8BF-1D396D880CA1}.Debug|Any CPU.Build.0 = Debug|Any CPU
		{14F11203-ED92-470A-B8BF-1D396D880CA1}.Release|Any CPU.ActiveCfg = Release|Any CPU
		{14F11203-ED92-470A-B8BF-1D396D880CA1}.Release|Any CPU.Build.0 = Release|Any CPU
		{1783C434-BBA6-4C63-BDCA-F3C707BE4E3F}.Debug|Any CPU.ActiveCfg = Debug|Any CPU
		{1783C434-BBA6-4C63-BDCA-F3C707BE4E3F}.Debug|Any CPU.Build.0 = Debug|Any CPU
		{1783C434-BBA6-4C63-BDCA-F3C707BE4E3F}.Release|Any CPU.ActiveCfg = Release|Any CPU
		{1783C434-BBA6-4C63-BDCA-F3C707BE4E3F}.Release|Any CPU.Build.0 = Release|Any CPU
		{667DFBF4-D239-44E9-B60B-CF03F777478C}.Debug|Any CPU.ActiveCfg = Debug|Any CPU
		{667DFBF4-D239-44E9-B60B-CF03F777478C}.Debug|Any CPU.Build.0 = Debug|Any CPU
		{667DFBF4-D239-44E9-B60B-CF03F777478C}.Release|Any CPU.ActiveCfg = Release|Any CPU
		{667DFBF4-D239-44E9-B60B-CF03F777478C}.Release|Any CPU.Build.0 = Release|Any CPU
	EndGlobalSection
	GlobalSection(SolutionProperties) = preSolution
		HideSolutionNode = FALSE
	EndGlobalSection
	GlobalSection(ExtensibilityGlobals) = postSolution
		SolutionGuid = {2CA03F7E-784B-446A-80A2-F3F5D314F953}
	EndGlobalSection
EndGlobal
